// !$*UTF8*$!
{
	archiveVersion = 1;
	classes = {
	};
	objectVersion = 46;
	objects = {

/* Begin PBXBuildFile section */
		00BE5D6118751BC1001537B8 /* Foundation.framework in Frameworks */ = {isa = PBXBuildFile; fileRef = 00BE5D6018751BC1001537B8 /* Foundation.framework */; };
		00BE5D6318751BC1001537B8 /* CoreGraphics.framework in Frameworks */ = {isa = PBXBuildFile; fileRef = 00BE5D6218751BC1001537B8 /* CoreGraphics.framework */; };
		00BE5D6518751BC1001537B8 /* UIKit.framework in Frameworks */ = {isa = PBXBuildFile; fileRef = 00BE5D6418751BC1001537B8 /* UIKit.framework */; };
		00BE5D6B18751BC1001537B8 /* InfoPlist.strings in Resources */ = {isa = PBXBuildFile; fileRef = 00BE5D6918751BC1001537B8 /* InfoPlist.strings */; };
		00BE5D6D18751BC1001537B8 /* main.m in Sources */ = {isa = PBXBuildFile; fileRef = 00BE5D6C18751BC1001537B8 /* main.m */; };
		00BE5D7118751BC1001537B8 /* AppDelegate.m in Sources */ = {isa = PBXBuildFile; fileRef = 00BE5D7018751BC1001537B8 /* AppDelegate.m */; };
		00BE5D7418751BC1001537B8 /* Main.storyboard in Resources */ = {isa = PBXBuildFile; fileRef = 00BE5D7218751BC1001537B8 /* Main.storyboard */; };
		00BE5D7718751BC1001537B8 /* ViewController.m in Sources */ = {isa = PBXBuildFile; fileRef = 00BE5D7618751BC1001537B8 /* ViewController.m */; };
		00BE5D7918751BC1001537B8 /* Images.xcassets in Resources */ = {isa = PBXBuildFile; fileRef = 00BE5D7818751BC1001537B8 /* Images.xcassets */; };
		00BE5D8018751BC1001537B8 /* XCTest.framework in Frameworks */ = {isa = PBXBuildFile; fileRef = 00BE5D7F18751BC1001537B8 /* XCTest.framework */; };
		00BE5D8118751BC1001537B8 /* Foundation.framework in Frameworks */ = {isa = PBXBuildFile; fileRef = 00BE5D6018751BC1001537B8 /* Foundation.framework */; };
		00BE5D8218751BC1001537B8 /* UIKit.framework in Frameworks */ = {isa = PBXBuildFile; fileRef = 00BE5D6418751BC1001537B8 /* UIKit.framework */; };
		00BE5D8A18751BC1001537B8 /* InfoPlist.strings in Resources */ = {isa = PBXBuildFile; fileRef = 00BE5D8818751BC1001537B8 /* InfoPlist.strings */; };
		00BE5D8C18751BC1001537B8 /* ImageViewListTests.m in Sources */ = {isa = PBXBuildFile; fileRef = 00BE5D8B18751BC1001537B8 /* ImageViewListTests.m */; };
/* End PBXBuildFile section */

/* Begin PBXContainerItemProxy section */
		00BE5D8318751BC1001537B8 /* PBXContainerItemProxy */ = {
			isa = PBXContainerItemProxy;
			containerPortal = 00BE5D5518751BC1001537B8 /* Project object */;
			proxyType = 1;
			remoteGlobalIDString = 00BE5D5C18751BC1001537B8;
			remoteInfo = ImageViewList;
		};
/* End PBXContainerItemProxy section */

/* Begin PBXFileReference section */
		00BE5D5D18751BC1001537B8 /* ImageViewList.app */ = {isa = PBXFileReference; explicitFileType = wrapper.application; includeInIndex = 0; path = ImageViewList.app; sourceTree = BUILT_PRODUCTS_DIR; };
		00BE5D6018751BC1001537B8 /* Foundation.framework */ = {isa = PBXFileReference; lastKnownFileType = wrapper.framework; name = Foundation.framework; path = System/Library/Frameworks/Foundation.framework; sourceTree = SDKROOT; };
		00BE5D6218751BC1001537B8 /* CoreGraphics.framework */ = {isa = PBXFileReference; lastKnownFileType = wrapper.framework; name = CoreGraphics.framework; path = System/Library/Frameworks/CoreGraphics.framework; sourceTree = SDKROOT; };
		00BE5D6418751BC1001537B8 /* UIKit.framework */ = {isa = PBXFileReference; lastKnownFileType = wrapper.framework; name = UIKit.framework; path = System/Library/Frameworks/UIKit.framework; sourceTree = SDKROOT; };
		00BE5D6818751BC1001537B8 /* ImageViewList-Info.plist */ = {isa = PBXFileReference; lastKnownFileType = text.plist.xml; path = "ImageViewList-Info.plist"; sourceTree = "<group>"; };
		00BE5D6A18751BC1001537B8 /* en */ = {isa = PBXFileReference; lastKnownFileType = text.plist.strings; name = en; path = en.lproj/InfoPlist.strings; sourceTree = "<group>"; };
		00BE5D6C18751BC1001537B8 /* main.m */ = {isa = PBXFileReference; lastKnownFileType = sourcecode.c.objc; path = main.m; sourceTree = "<group>"; };
		00BE5D6E18751BC1001537B8 /* ImageViewList-Prefix.pch */ = {isa = PBXFileReference; lastKnownFileType = sourcecode.c.h; path = "ImageViewList-Prefix.pch"; sourceTree = "<group>"; };
		00BE5D6F18751BC1001537B8 /* AppDelegate.h */ = {isa = PBXFileReference; lastKnownFileType = sourcecode.c.h; path = AppDelegate.h; sourceTree = "<group>"; };
		00BE5D7018751BC1001537B8 /* AppDelegate.m */ = {isa = PBXFileReference; lastKnownFileType = sourcecode.c.objc; path = AppDelegate.m; sourceTree = "<group>"; };
		00BE5D7318751BC1001537B8 /* Base */ = {isa = PBXFileReference; lastKnownFileType = file.storyboard; name = Base; path = Base.lproj/Main.storyboard; sourceTree = "<group>"; };
		00BE5D7518751BC1001537B8 /* ViewController.h */ = {isa = PBXFileReference; lastKnownFileType = sourcecode.c.h; path = ViewController.h; sourceTree = "<group>"; };
		00BE5D7618751BC1001537B8 /* ViewController.m */ = {isa = PBXFileReference; lastKnownFileType = sourcecode.c.objc; path = ViewController.m; sourceTree = "<group>"; };
		00BE5D7818751BC1001537B8 /* Images.xcassets */ = {isa = PBXFileReference; lastKnownFileType = folder.assetcatalog; path = Images.xcassets; sourceTree = "<group>"; };
		00BE5D7E18751BC1001537B8 /* ImageViewListTests.xctest */ = {isa = PBXFileReference; explicitFileType = wrapper.cfbundle; includeInIndex = 0; path = ImageViewListTests.xctest; sourceTree = BUILT_PRODUCTS_DIR; };
		00BE5D7F18751BC1001537B8 /* XCTest.framework */ = {isa = PBXFileReference; lastKnownFileType = wrapper.framework; name = XCTest.framework; path = Library/Frameworks/XCTest.framework; sourceTree = DEVELOPER_DIR; };
		00BE5D8718751BC1001537B8 /* ImageViewListTests-Info.plist */ = {isa = PBXFileReference; lastKnownFileType = text.plist.xml; path = "ImageViewListTests-Info.plist"; sourceTree = "<group>"; };
		00BE5D8918751BC1001537B8 /* en */ = {isa = PBXFileReference; lastKnownFileType = text.plist.strings; name = en; path = en.lproj/InfoPlist.strings; sourceTree = "<group>"; };
		00BE5D8B18751BC1001537B8 /* ImageViewListTests.m */ = {isa = PBXFileReference; lastKnownFileType = sourcecode.c.objc; path = ImageViewListTests.m; sourceTree = "<group>"; };
/* End PBXFileReference section */

/* Begin PBXFrameworksBuildPhase section */
		00BE5D5A18751BC1001537B8 /* Frameworks */ = {
			isa = PBXFrameworksBuildPhase;
			buildActionMask = 2147483647;
			files = (
				00BE5D6318751BC1001537B8 /* CoreGraphics.framework in Frameworks */,
				00BE5D6518751BC1001537B8 /* UIKit.framework in Frameworks */,
				00BE5D6118751BC1001537B8 /* Foundation.framework in Frameworks */,
			);
			runOnlyForDeploymentPostprocessing = 0;
		};
		00BE5D7B18751BC1001537B8 /* Frameworks */ = {
			isa = PBXFrameworksBuildPhase;
			buildActionMask = 2147483647;
			files = (
				00BE5D8018751BC1001537B8 /* XCTest.framework in Frameworks */,
				00BE5D8218751BC1001537B8 /* UIKit.framework in Frameworks */,
				00BE5D8118751BC1001537B8 /* Foundation.framework in Frameworks */,
			);
			runOnlyForDeploymentPostprocessing = 0;
		};
/* End PBXFrameworksBuildPhase section */

/* Begin PBXGroup section */
		00BE5D5418751BC1001537B8 = {
			isa = PBXGroup;
			children = (
				00BE5D6618751BC1001537B8 /* ImageViewList */,
				00BE5D8518751BC1001537B8 /* ImageViewListTests */,
				00BE5D5F18751BC1001537B8 /* Frameworks */,
				00BE5D5E18751BC1001537B8 /* Products */,
			);
			sourceTree = "<group>";
		};
		00BE5D5E18751BC1001537B8 /* Products */ = {
			isa = PBXGroup;
			children = (
				00BE5D5D18751BC1001537B8 /* ImageViewList.app */,
				00BE5D7E18751BC1001537B8 /* ImageViewListTests.xctest */,
			);
			name = Products;
			sourceTree = "<group>";
		};
		00BE5D5F18751BC1001537B8 /* Frameworks */ = {
			isa = PBXGroup;
			children = (
				00BE5D6018751BC1001537B8 /* Foundation.framework */,
				00BE5D6218751BC1001537B8 /* CoreGraphics.framework */,
				00BE5D6418751BC1001537B8 /* UIKit.framework */,
				00BE5D7F18751BC1001537B8 /* XCTest.framework */,
			);
			name = Frameworks;
			sourceTree = "<group>";
		};
		00BE5D6618751BC1001537B8 /* ImageViewList */ = {
			isa = PBXGroup;
			children = (
				00BE5D6F18751BC1001537B8 /* AppDelegate.h */,
				00BE5D7018751BC1001537B8 /* AppDelegate.m */,
				00BE5D7218751BC1001537B8 /* Main.storyboard */,
				00BE5D7518751BC1001537B8 /* ViewController.h */,
				00BE5D7618751BC1001537B8 /* ViewController.m */,
				00BE5D7818751BC1001537B8 /* Images.xcassets */,
				00BE5D6718751BC1001537B8 /* Supporting Files */,
			);
			path = ImageViewList;
			sourceTree = "<group>";
		};
		00BE5D6718751BC1001537B8 /* Supporting Files */ = {
			isa = PBXGroup;
			children = (
				00BE5D6818751BC1001537B8 /* ImageViewList-Info.plist */,
				00BE5D6918751BC1001537B8 /* InfoPlist.strings */,
				00BE5D6C18751BC1001537B8 /* main.m */,
				00BE5D6E18751BC1001537B8 /* ImageViewList-Prefix.pch */,
			);
			name = "Supporting Files";
			sourceTree = "<group>";
		};
		00BE5D8518751BC1001537B8 /* ImageViewListTests */ = {
			isa = PBXGroup;
			children = (
				00BE5D8B18751BC1001537B8 /* ImageViewListTests.m */,
				00BE5D8618751BC1001537B8 /* Supporting Files */,
			);
			path = ImageViewListTests;
			sourceTree = "<group>";
		};
		00BE5D8618751BC1001537B8 /* Supporting Files */ = {
			isa = PBXGroup;
			children = (
				00BE5D8718751BC1001537B8 /* ImageViewListTests-Info.plist */,
				00BE5D8818751BC1001537B8 /* InfoPlist.strings */,
			);
			name = "Supporting Files";
			sourceTree = "<group>";
		};
/* End PBXGroup section */

/* Begin PBXNativeTarget section */
		00BE5D5C18751BC1001537B8 /* ImageViewList */ = {
			isa = PBXNativeTarget;
			buildConfigurationList = 00BE5D8F18751BC1001537B8 /* Build configuration list for PBXNativeTarget "ImageViewList" */;
			buildPhases = (
				00BE5D5918751BC1001537B8 /* Sources */,
				00BE5D5A18751BC1001537B8 /* Frameworks */,
				00BE5D5B18751BC1001537B8 /* Resources */,
			);
			buildRules = (
			);
			dependencies = (
			);
			name = ImageViewList;
			productName = ImageViewList;
			productReference = 00BE5D5D18751BC1001537B8 /* ImageViewList.app */;
			productType = "com.apple.product-type.application";
		};
		00BE5D7D18751BC1001537B8 /* ImageViewListTests */ = {
			isa = PBXNativeTarget;
			buildConfigurationList = 00BE5D9218751BC1001537B8 /* Build configuration list for PBXNativeTarget "ImageViewListTests" */;
			buildPhases = (
				00BE5D7A18751BC1001537B8 /* Sources */,
				00BE5D7B18751BC1001537B8 /* Frameworks */,
				00BE5D7C18751BC1001537B8 /* Resources */,
			);
			buildRules = (
			);
			dependencies = (
				00BE5D8418751BC1001537B8 /* PBXTargetDependency */,
			);
			name = ImageViewListTests;
			productName = ImageViewListTests;
			productReference = 00BE5D7E18751BC1001537B8 /* ImageViewListTests.xctest */;
			productType = "com.apple.product-type.bundle.unit-test";
		};
/* End PBXNativeTarget section */

/* Begin PBXProject section */
		00BE5D5518751BC1001537B8 /* Project object */ = {
			isa = PBXProject;
			attributes = {
				LastUpgradeCheck = 0500;
				ORGANIZATIONNAME = "SDT-1";
				TargetAttributes = {
					00BE5D7D18751BC1001537B8 = {
						TestTargetID = 00BE5D5C18751BC1001537B8;
					};
				};
			};
			buildConfigurationList = 00BE5D5818751BC1001537B8 /* Build configuration list for PBXProject "ImageViewList" */;
			compatibilityVersion = "Xcode 3.2";
			developmentRegion = English;
			hasScannedForEncodings = 0;
			knownRegions = (
				en,
				Base,
			);
			mainGroup = 00BE5D5418751BC1001537B8;
			productRefGroup = 00BE5D5E18751BC1001537B8 /* Products */;
			projectDirPath = "";
			projectRoot = "";
			targets = (
				00BE5D5C18751BC1001537B8 /* ImageViewList */,
				00BE5D7D18751BC1001537B8 /* ImageViewListTests */,
			);
		};
/* End PBXProject section */

/* Begin PBXResourcesBuildPhase section */
		00BE5D5B18751BC1001537B8 /* Resources */ = {
			isa = PBXResourcesBuildPhase;
			buildActionMask = 2147483647;
			files = (
				00BE5D7918751BC1001537B8 /* Images.xcassets in Resources */,
				00BE5D6B18751BC1001537B8 /* InfoPlist.strings in Resources */,
				00BE5D7418751BC1001537B8 /* Main.storyboard in Resources */,
			);
			runOnlyForDeploymentPostprocessing = 0;
		};
		00BE5D7C18751BC1001537B8 /* Resources */ = {
			isa = PBXResourcesBuildPhase;
			buildActionMask = 2147483647;
			files = (
				00BE5D8A18751BC1001537B8 /* InfoPlist.strings in Resources */,
			);
			runOnlyForDeploymentPostprocessing = 0;
		};
/* End PBXResourcesBuildPhase section */

/* Begin PBXSourcesBuildPhase section */
		00BE5D5918751BC1001537B8 /* Sources */ = {
			isa = PBXSourcesBuildPhase;
			buildActionMask = 2147483647;
			files = (
				00BE5D7718751BC1001537B8 /* ViewController.m in Sources */,
				00BE5D7118751BC1001537B8 /* AppDelegate.m in Sources */,
				00BE5D6D18751BC1001537B8 /* main.m in Sources */,
			);
			runOnlyForDeploymentPostprocessing = 0;
		};
		00BE5D7A18751BC1001537B8 /* Sources */ = {
			isa = PBXSourcesBuildPhase;
			buildActionMask = 2147483647;
			files = (
				00BE5D8C18751BC1001537B8 /* ImageViewListTests.m in Sources */,
			);
			runOnlyForDeploymentPostprocessing = 0;
		};
/* End PBXSourcesBuildPhase section */

/* Begin PBXTargetDependency section */
		00BE5D8418751BC1001537B8 /* PBXTargetDependency */ = {
			isa = PBXTargetDependency;
			target = 00BE5D5C18751BC1001537B8 /* ImageViewList */;
			targetProxy = 00BE5D8318751BC1001537B8 /* PBXContainerItemProxy */;
		};
/* End PBXTargetDependency section */

/* Begin PBXVariantGroup section */
		00BE5D6918751BC1001537B8 /* InfoPlist.strings */ = {
			isa = PBXVariantGroup;
			children = (
				00BE5D6A18751BC1001537B8 /* en */,
			);
			name = InfoPlist.strings;
			sourceTree = "<group>";
		};
		00BE5D7218751BC1001537B8 /* Main.storyboard */ = {
			isa = PBXVariantGroup;
			children = (
				00BE5D7318751BC1001537B8 /* Base */,
			);
			name = Main.storyboard;
			sourceTree = "<group>";
		};
		00BE5D8818751BC1001537B8 /* InfoPlist.strings */ = {
			isa = PBXVariantGroup;
			children = (
				00BE5D8918751BC1001537B8 /* en */,
			);
			name = InfoPlist.strings;
			sourceTree = "<group>";
		};
/* End PBXVariantGroup section */

/* Begin XCBuildConfiguration section */
		00BE5D8D18751BC1001537B8 /* Debug */ = {
			isa = XCBuildConfiguration;
			buildSettings = {
				ALWAYS_SEARCH_USER_PATHS = NO;
				ARCHS = "$(ARCHS_STANDARD_INCLUDING_64_BIT)";
				CLANG_CXX_LANGUAGE_STANDARD = "gnu++0x";
				CLANG_CXX_LIBRARY = "libc++";
				CLANG_ENABLE_MODULES = YES;
				CLANG_ENABLE_OBJC_ARC = YES;
				CLANG_WARN_BOOL_CONVERSION = YES;
				CLANG_WARN_CONSTANT_CONVERSION = YES;
				CLANG_WARN_DIRECT_OBJC_ISA_USAGE = YES_ERROR;
				CLANG_WARN_EMPTY_BODY = YES;
				CLANG_WARN_ENUM_CONVERSION = YES;
				CLANG_WARN_INT_CONVERSION = YES;
				CLANG_WARN_OBJC_ROOT_CLASS = YES_ERROR;
				CLANG_WARN__DUPLICATE_METHOD_MATCH = YES;
				"CODE_SIGN_IDENTITY[sdk=iphoneos*]" = "iPhone Developer";
				COPY_PHASE_STRIP = NO;
				GCC_C_LANGUAGE_STANDARD = gnu99;
				GCC_DYNAMIC_NO_PIC = NO;
				GCC_OPTIMIZATION_LEVEL = 0;
				GCC_PREPROCESSOR_DEFINITIONS = (
					"DEBUG=1",
					"$(inherited)",
				);
				GCC_SYMBOLS_PRIVATE_EXTERN = NO;
				GCC_WARN_64_TO_32_BIT_CONVERSION = YES;
				GCC_WARN_ABOUT_RETURN_TYPE = YES_ERROR;
				GCC_WARN_UNDECLARED_SELECTOR = YES;
				GCC_WARN_UNINITIALIZED_AUTOS = YES;
				GCC_WARN_UNUSED_FUNCTION = YES;
				GCC_WARN_UNUSED_VARIABLE = YES;
				IPHONEOS_DEPLOYMENT_TARGET = 7.0;
				ONLY_ACTIVE_ARCH = YES;
				SDKROOT = iphoneos;
			};
			name = Debug;
		};
		00BE5D8E18751BC1001537B8 /* Release */ = {
			isa = XCBuildConfiguration;
			buildSettings = {
				ALWAYS_SEARCH_USER_PATHS = NO;
				ARCHS = "$(ARCHS_STANDARD_INCLUDING_64_BIT)";
				CLANG_CXX_LANGUAGE_STANDARD = "gnu++0x";
				CLANG_CXX_LIBRARY = "libc++";
				CLANG_ENABLE_MODULES = YES;
				CLANG_ENABLE_OBJC_ARC = YES;
				CLANG_WARN_BOOL_CONVERSION = YES;
				CLANG_WARN_CONSTANT_CONVERSION = YES;
				CLANG_WARN_DIRECT_OBJC_ISA_USAGE = YES_ERROR;
				CLANG_WARN_EMPTY_BODY = YES;
				CLANG_WARN_ENUM_CONVERSION = YES;
				CLANG_WARN_INT_CONVERSION = YES;
				CLANG_WARN_OBJC_ROOT_CLASS = YES_ERROR;
				CLANG_WARN__DUPLICATE_METHOD_MATCH = YES;
				"CODE_SIGN_IDENTITY[sdk=iphoneos*]" = "iPhone Developer";
				COPY_PHASE_STRIP = YES;
				ENABLE_NS_ASSERTIONS = NO;
				GCC_C_LANGUAGE_STANDARD = gnu99;
				GCC_WARN_64_TO_32_BIT_CONVERSION = YES;
				GCC_WARN_ABOUT_RETURN_TYPE = YES_ERROR;
				GCC_WARN_UNDECLARED_SELECTOR = YES;
				GCC_WARN_UNINITIALIZED_AUTOS = YES;
				GCC_WARN_UNUSED_FUNCTION = YES;
				GCC_WARN_UNUSED_VARIABLE = YES;
				IPHONEOS_DEPLOYMENT_TARGET = 7.0;
				SDKROOT = iphoneos;
				VALIDATE_PRODUCT = YES;
			};
			name = Release;
		};
		00BE5D9018751BC1001537B8 /* Debug */ = {
			isa = XCBuildConfiguration;
			buildSettings = {
				ASSETCATALOG_COMPILER_APPICON_NAME = AppIcon;
				ASSETCATALOG_COMPILER_LAUNCHIMAGE_NAME = LaunchImage;
				GCC_PRECOMPILE_PREFIX_HEADER = YES;
				GCC_PREFIX_HEADER = "ImageViewList/ImageViewList-Prefix.pch";
				INFOPLIST_FILE = "ImageViewList/ImageViewList-Info.plist";
				PRODUCT_NAME = "$(TARGET_NAME)";
				WRAPPER_EXTENSION = app;
			};
			name = Debug;
		};
		00BE5D9118751BC1001537B8 /* Release */ = {
			isa = XCBuildConfiguration;
			buildSettings = {
				ASSETCATALOG_COMPILER_APPICON_NAME = AppIcon;
				ASSETCATALOG_COMPILER_LAUNCHIMAGE_NAME = LaunchImage;
				GCC_PRECOMPILE_PREFIX_HEADER = YES;
				GCC_PREFIX_HEADER = "ImageViewList/ImageViewList-Prefix.pch";
				INFOPLIST_FILE = "ImageViewList/ImageViewList-Info.plist";
				PRODUCT_NAME = "$(TARGET_NAME)";
				WRAPPER_EXTENSION = app;
			};
			name = Release;
		};
		00BE5D9318751BC1001537B8 /* Debug */ = {
			isa = XCBuildConfiguration;
			buildSettings = {
				ARCHS = "$(ARCHS_STANDARD_INCLUDING_64_BIT)";
				BUNDLE_LOADER = "$(BUILT_PRODUCTS_DIR)/ImageViewList.app/ImageViewList";
				FRAMEWORK_SEARCH_PATHS = (
					"$(SDKROOT)/Developer/Library/Frameworks",
					"$(inherited)",
					"$(DEVELOPER_FRAMEWORKS_DIR)",
				);
				GCC_PRECOMPILE_PREFIX_HEADER = YES;
				GCC_PREFIX_HEADER = "ImageViewList/ImageViewList-Prefix.pch";
				GCC_PREPROCESSOR_DEFINITIONS = (
					"DEBUG=1",
					"$(inherited)",
				);
				INFOPLIST_FILE = "ImageViewListTests/ImageViewListTests-Info.plist";
				PRODUCT_NAME = "$(TARGET_NAME)";
				TEST_HOST = "$(BUNDLE_LOADER)";
				WRAPPER_EXTENSION = xctest;
			};
			name = Debug;
		};
		00BE5D9418751BC1001537B8 /* Release */ = {
			isa = XCBuildConfiguration;
			buildSettings = {
				ARCHS = "$(ARCHS_STANDARD_INCLUDING_64_BIT)";
				BUNDLE_LOADER = "$(BUILT_PRODUCTS_DIR)/ImageViewList.app/ImageViewList";
				FRAMEWORK_SEARCH_PATHS = (
					"$(SDKROOT)/Developer/Library/Frameworks",
					"$(inherited)",
					"$(DEVELOPER_FRAMEWORKS_DIR)",
				);
				GCC_PRECOMPILE_PREFIX_HEADER = YES;
				GCC_PREFIX_HEADER = "ImageViewList/ImageViewList-Prefix.pch";
				INFOPLIST_FILE = "ImageViewListTests/ImageViewListTests-Info.plist";
				PRODUCT_NAME = "$(TARGET_NAME)";
				TEST_HOST = "$(BUNDLE_LOADER)";
				WRAPPER_EXTENSION = xctest;
			};
			name = Release;
		};
/* End XCBuildConfiguration section */

/* Begin XCConfigurationList section */
		00BE5D5818751BC1001537B8 /* Build configuration list for PBXProject "ImageViewList" */ = {
			isa = XCConfigurationList;
			buildConfigurations = (
				00BE5D8D18751BC1001537B8 /* Debug */,
				00BE5D8E18751BC1001537B8 /* Release */,
			);
			defaultConfigurationIsVisible = 0;
			defaultConfigurationName = Release;
		};
		00BE5D8F18751BC1001537B8 /* Build configuration list for PBXNativeTarget "ImageViewList" */ = {
			isa = XCConfigurationList;
			buildConfigurations = (
				00BE5D9018751BC1001537B8 /* Debug */,
				00BE5D9118751BC1001537B8 /* Release */,
			);
			defaultConfigurationIsVisible = 0;
		};
		00BE5D9218751BC1001537B8 /* Build configuration list for PBXNativeTarget "ImageViewListTests" */ = {
			isa = XCConfigurationList;
			buildConfigurations = (
				00BE5D9318751BC1001537B8 /* Debug */,
				00BE5D9418751BC1001537B8 /* Release */,
			);
			defaultConfigurationIsVisible = 0;
		};
/* End XCConfigurationList section */
	};
	rootObject = 00BE5D5518751BC1001537B8 /* Project object */;
}
